
Microsoft Visual Studio Solution File, Format Version 12.00
# Visual Studio Version 17
VisualStudioVersion = 17.4.33103.184
MinimumVisualStudioVersion = 10.0.40219.1
Project("{FAE04EC0-301F-11D3-BF4B-00C04F79EFBC}") = "WebGL", "WebGL\WebGL.csproj", "{A000BDDD-74C0-4516-AAD9-BD0F1DE392E7}"
EndProject
Global
	GlobalSection(SolutionConfigurationPlatforms) = preSolution
		Debug|Any CPU = Debug|Any CPU
		Release|Any CPU = Release|Any CPU
	EndGlobalSection
	GlobalSection(ProjectConfigurationPlatforms) = postSolution
		{A000BDDD-74C0-4516-AAD9-BD0F1DE392E7}.Debug|Any CPU.ActiveCfg = Debug|Any CPU
		{A000BDDD-74C0-4516-AAD9-BD0F1DE392E7}.Debug|Any CPU.Build.0 = Debug|Any CPU
		{A000BDDD-74C0-4516-AAD9-BD0F1DE392E7}.Release|Any CPU.ActiveCfg = Release|Any CPU
		{A000BDDD-74C0-4516-AAD9-BD0F1DE392E7}.Release|Any CPU.Build.0 = Release|Any CPU
	EndGlobalSection
	GlobalSection(SolutionProperties) = preSolution
		HideSolutionNode = FALSE
	EndGlobalSection
	GlobalSection(ExtensibilityGlobals) = postSolution
		SolutionGuid = {120A3C57-EFD3-431E-A3E8-1ED9BF2C1D3D}
	EndGlobalSection
EndGlobal
